
Microsoft Visual Studio Solution File, Format Version 12.00
# Visual Studio Version 17
VisualStudioVersion = 17.14.36408.4
MinimumVisualStudioVersion = 10.0.40219.1
Project("{FAE04EC0-301F-11D3-BF4B-00C04F79EFBC}") = "Ejercicio1", "Ejercicio1\Ejercicio1.csproj", "{06A76F53-A7D1-4AB3-931A-7BA30E3D554E}"
EndProject
Project("{FAE04EC0-301F-11D3-BF4B-00C04F79EFBC}") = "Ejercicio2", "Ejercicio2\Ejercicio2.csproj", "{15A8A046-054B-4146-A988-C81ACB216F7B}"
EndProject
Global
	GlobalSection(SolutionConfigurationPlatforms) = preSolution
		Debug|Any CPU = Debug|Any CPU
		Release|Any CPU = Release|Any CPU
	EndGlobalSection
	GlobalSection(ProjectConfigurationPlatforms) = postSolution
		{06A76F53-A7D1-4AB3-931A-7BA30E3D554E}.Debug|Any CPU.ActiveCfg = Debug|Any CPU
		{06A76F53-A7D1-4AB3-931A-7BA30E3D554E}.Debug|Any CPU.Build.0 = Debug|Any CPU
		{06A76F53-A7D1-4AB3-931A-7BA30E3D554E}.Release|Any CPU.ActiveCfg = Release|Any CPU
		{06A76F53-A7D1-4AB3-931A-7BA30E3D554E}.Release|Any CPU.Build.0 = Release|Any CPU
		{15A8A046-054B-4146-A988-C81ACB216F7B}.Debug|Any CPU.ActiveCfg = Debug|Any CPU
		{15A8A046-054B-4146-A988-C81ACB216F7B}.Debug|Any CPU.Build.0 = Debug|Any CPU
		{15A8A046-054B-4146-A988-C81ACB216F7B}.Release|Any CPU.ActiveCfg = Release|Any CPU
		{15A8A046-054B-4146-A988-C81ACB216F7B}.Release|Any CPU.Build.0 = Release|Any CPU
	EndGlobalSection
	GlobalSection(SolutionProperties) = preSolution
		HideSolutionNode = FALSE
	EndGlobalSection
	GlobalSection(ExtensibilityGlobals) = postSolution
		SolutionGuid = {8ED290C7-1DBE-4579-86F8-21FCF82881C2}
	EndGlobalSection
EndGlobal
